
Microsoft Visual Studio Solution File, Format Version 12.00
# Visual Studio Version 17
VisualStudioVersion = 17.3.32825.248
MinimumVisualStudioVersion = 10.0.40219.1
Project("{FAE04EC0-301F-11D3-BF4B-00C04F79EFBC}") = "ControlLibrary", "ControlLibrary\ControlLibrary.csproj", "{0E3E440A-35DC-40F2-9DF2-E004B6A2E380}"
EndProject
Project("{FAE04EC0-301F-11D3-BF4B-00C04F79EFBC}") = "WinFormsApp", "WinFormsApp\WinFormsApp.csproj", "{8DEEA220-ABE7-4C5E-B762-19363F964EF2}"
EndProject
Global
	GlobalSection(SolutionConfigurationPlatforms) = preSolution
		Debug|Any CPU = Debug|Any CPU
		Release|Any CPU = Release|Any CPU
	EndGlobalSection
	GlobalSection(ProjectConfigurationPlatforms) = postSolution
		{0E3E440A-35DC-40F2-9DF2-E004B6A2E380}.Debug|Any CPU.ActiveCfg = Debug|Any CPU
		{0E3E440A-35DC-40F2-9DF2-E004B6A2E380}.Debug|Any CPU.Build.0 = Debug|Any CPU
		{0E3E440A-35DC-40F2-9DF2-E004B6A2E380}.Release|Any CPU.ActiveCfg = Release|Any CPU
		{0E3E440A-35DC-40F2-9DF2-E004B6A2E380}.Release|Any CPU.Build.0 = Release|Any CPU
		{8DEEA220-ABE7-4C5E-B762-19363F964EF2}.Debug|Any CPU.ActiveCfg = Debug|Any CPU
		{8DEEA220-ABE7-4C5E-B762-19363F964EF2}.Debug|Any CPU.Build.0 = Debug|Any CPU
		{8DEEA220-ABE7-4C5E-B762-19363F964EF2}.Release|Any CPU.ActiveCfg = Release|Any CPU
		{8DEEA220-ABE7-4C5E-B762-19363F964EF2}.Release|Any CPU.Build.0 = Release|Any CPU
	EndGlobalSection
	GlobalSection(SolutionProperties) = preSolution
		HideSolutionNode = FALSE
	EndGlobalSection
	GlobalSection(ExtensibilityGlobals) = postSolution
		SolutionGuid = {8438481F-1AA4-44B1-B13A-63B658321B36}
	EndGlobalSection
EndGlobal
